
Microsoft Visual Studio Solution File, Format Version 12.00
# Visual Studio Version 17
VisualStudioVersion = 17.0.31903.59
MinimumVisualStudioVersion = 10.0.40219.1
Project("{FAE04EC0-301F-11D3-BF4B-00C04F79EFBC}") = "ParcelManager.API", "ParcelManager.API\ParcelManager.API.csproj", "{8720A5F5-5ED0-4763-BD25-5FEE5D0797F4}"
EndProject
Global
	GlobalSection(SolutionConfigurationPlatforms) = preSolution
		Debug|Any CPU = Debug|Any CPU
		Release|Any CPU = Release|Any CPU
	EndGlobalSection
	GlobalSection(SolutionProperties) = preSolution
		HideSolutionNode = FALSE
	EndGlobalSection
	GlobalSection(ProjectConfigurationPlatforms) = postSolution
		{8720A5F5-5ED0-4763-BD25-5FEE5D0797F4}.Debug|Any CPU.ActiveCfg = Debug|Any CPU
		{8720A5F5-5ED0-4763-BD25-5FEE5D0797F4}.Debug|Any CPU.Build.0 = Debug|Any CPU
		{8720A5F5-5ED0-4763-BD25-5FEE5D0797F4}.Release|Any CPU.ActiveCfg = Release|Any CPU
		{8720A5F5-5ED0-4763-BD25-5FEE5D0797F4}.Release|Any CPU.Build.0 = Release|Any CPU
	EndGlobalSection
EndGlobal
